schema: '2.0'
stages:
  train:
    cmd: poetry run python src/train.py
    deps:
    - path: src/datasets
      hash: md5
      md5: 8fabcccb9da08d7735ded9e8bf06ff8a.dir
      size: 25584
      nfiles: 5
    - path: src/models
      hash: md5
      md5: 8ec085e9a91e01bde4249b610668027e.dir
      size: 28021
      nfiles: 3
    - path: src/train.py
      hash: md5
      md5: 26aded779cdfd173e3bcb630b44b992b
      size: 5034
    outs:
    - path: output/.dvclive
      hash: md5
      md5: 3e93c95c0347aead254e532f192e669b.dir
      size: 106052
      nfiles: 27
    - path: output/checkpoints/best_model.ckpt
      hash: md5
      md5: 997c868feb5a8003865285ebe708e1b8
      size: 134318342
